
Microsoft Visual Studio Solution File, Format Version 9.00
# Visual C++ Express 2005
Project("{8BC9CEB8-8B4A-11D0-8D11-00A0C91BC942}") = "OmniMIDI2K", "OmniMIDI2K\OmniMIDI2K.vcproj", "{F7B9E355-0960-4082-A867-C2D74D6AEC67}"
EndProject
Global
	GlobalSection(SolutionConfigurationPlatforms) = preSolution
		Debug|Win32 = Debug|Win32
		Release|Win32 = Release|Win32
	EndGlobalSection
	GlobalSection(ProjectConfigurationPlatforms) = postSolution
		{F7B9E355-0960-4082-A867-C2D74D6AEC67}.Debug|Win32.ActiveCfg = Debug|Win32
		{F7B9E355-0960-4082-A867-C2D74D6AEC67}.Debug|Win32.Build.0 = Debug|Win32
		{F7B9E355-0960-4082-A867-C2D74D6AEC67}.Release|Win32.ActiveCfg = Release|Win32
		{F7B9E355-0960-4082-A867-C2D74D6AEC67}.Release|Win32.Build.0 = Release|Win32
	EndGlobalSection
	GlobalSection(SolutionProperties) = preSolution
		HideSolutionNode = FALSE
	EndGlobalSection
EndGlobal
